// !$*UTF8*$!
{
	archiveVersion = 1;
	classes = {
	};
	objectVersion = 50;
	objects = {

/* Begin PBXBuildFile section */
		70F3E211232D0D5200839D48 /* AppDelegate.swift in Sources */ = {isa = PBXBuildFile; fileRef = 70F3E210232D0D5200839D48 /* AppDelegate.swift */; };
		70F3E213232D0D5200839D48 /* ViewController.swift in Sources */ = {isa = PBXBuildFile; fileRef = 70F3E212232D0D5200839D48 /* ViewController.swift */; };
		70F3E216232D0D5200839D48 /* Main.storyboard in Resources */ = {isa = PBXBuildFile; fileRef = 70F3E214232D0D5200839D48 /* Main.storyboard */; };
		70F3E218232D0D5400839D48 /* Assets.xcassets in Resources */ = {isa = PBXBuildFile; fileRef = 70F3E217232D0D5400839D48 /* Assets.xcassets */; };
		70F3E21B232D0D5400839D48 /* LaunchScreen.storyboard in Resources */ = {isa = PBXBuildFile; fileRef = 70F3E219232D0D5400839D48 /* LaunchScreen.storyboard */; };
		70F3E223232D126700839D48 /* Model.swift in Sources */ = {isa = PBXBuildFile; fileRef = 70F3E222232D126700839D48 /* Model.swift */; };
		70F3E225232D128300839D48 /* ViewModel.swift in Sources */ = {isa = PBXBuildFile; fileRef = 70F3E224232D128300839D48 /* ViewModel.swift */; };
		70F3E228232D12BC00839D48 /* CustomCell.swift in Sources */ = {isa = PBXBuildFile; fileRef = 70F3E226232D12BC00839D48 /* CustomCell.swift */; };
		70F3E229232D12BC00839D48 /* CustomCell.xib in Resources */ = {isa = PBXBuildFile; fileRef = 70F3E227232D12BC00839D48 /* CustomCell.xib */; };
/* End PBXBuildFile section */

/* Begin PBXFileReference section */
		70F3E20D232D0D5200839D48 /* MVVMDesignPattern.app */ = {isa = PBXFileReference; explicitFileType = wrapper.application; includeInIndex = 0; path = MVVMDesignPattern.app; sourceTree = BUILT_PRODUCTS_DIR; };
		70F3E210232D0D5200839D48 /* AppDelegate.swift */ = {isa = PBXFileReference; lastKnownFileType = sourcecode.swift; path = AppDelegate.swift; sourceTree = "<group>"; };
		70F3E212232D0D5200839D48 /* ViewController.swift */ = {isa = PBXFileReference; lastKnownFileType = sourcecode.swift; path = ViewController.swift; sourceTree = "<group>"; };
		70F3E215232D0D5200839D48 /* Base */ = {isa = PBXFileReference; lastKnownFileType = file.storyboard; name = Base; path = Base.lproj/Main.storyboard; sourceTree = "<group>"; };
		70F3E217232D0D5400839D48 /* Assets.xcassets */ = {isa = PBXFileReference; lastKnownFileType = folder.assetcatalog; path = Assets.xcassets; sourceTree = "<group>"; };
		70F3E21A232D0D5400839D48 /* Base */ = {isa = PBXFileReference; lastKnownFileType = file.storyboard; name = Base; path = Base.lproj/LaunchScreen.storyboard; sourceTree = "<group>"; };
		70F3E21C232D0D5400839D48 /* Info.plist */ = {isa = PBXFileReference; lastKnownFileType = text.plist.xml; path = Info.plist; sourceTree = "<group>"; };
		70F3E222232D126700839D48 /* Model.swift */ = {isa = PBXFileReference; lastKnownFileType = sourcecode.swift; path = Model.swift; sourceTree = "<group>"; };
		70F3E224232D128300839D48 /* ViewModel.swift */ = {isa = PBXFileReference; lastKnownFileType = sourcecode.swift; path = ViewModel.swift; sourceTree = "<group>"; };
		70F3E226232D12BC00839D48 /* CustomCell.swift */ = {isa = PBXFileReference; lastKnownFileType = sourcecode.swift; path = CustomCell.swift; sourceTree = "<group>"; };
		70F3E227232D12BC00839D48 /* CustomCell.xib */ = {isa = PBXFileReference; lastKnownFileType = file.xib; path = CustomCell.xib; sourceTree = "<group>"; };
/* End PBXFileReference section */

/* Begin PBXFrameworksBuildPhase section */
		70F3E20A232D0D5200839D48 /* Frameworks */ = {
			isa = PBXFrameworksBuildPhase;
			buildActionMask = 2147483647;
			files = (
			);
			runOnlyForDeploymentPostprocessing = 0;
		};
/* End PBXFrameworksBuildPhase section */

/* Begin PBXGroup section */
		70F3E204232D0D5200839D48 = {
			isa = PBXGroup;
			children = (
				70F3E20F232D0D5200839D48 /* MVVMDesignPattern */,
				70F3E20E232D0D5200839D48 /* Products */,
			);
			sourceTree = "<group>";
		};
		70F3E20E232D0D5200839D48 /* Products */ = {
			isa = PBXGroup;
			children = (
				70F3E20D232D0D5200839D48 /* MVVMDesignPattern.app */,
			);
			name = Products;
			sourceTree = "<group>";
		};
		70F3E20F232D0D5200839D48 /* MVVMDesignPattern */ = {
			isa = PBXGroup;
			children = (
				70F3E210232D0D5200839D48 /* AppDelegate.swift */,
				70F3E212232D0D5200839D48 /* ViewController.swift */,
				70F3E224232D128300839D48 /* ViewModel.swift */,
				70F3E222232D126700839D48 /* Model.swift */,
				70F3E226232D12BC00839D48 /* CustomCell.swift */,
				70F3E227232D12BC00839D48 /* CustomCell.xib */,
				70F3E214232D0D5200839D48 /* Main.storyboard */,
				70F3E217232D0D5400839D48 /* Assets.xcassets */,
				70F3E219232D0D5400839D48 /* LaunchScreen.storyboard */,
				70F3E21C232D0D5400839D48 /* Info.plist */,
			);
			path = MVVMDesignPattern;
			sourceTree = "<group>";
		};
/* End PBXGroup section */

/* Begin PBXNativeTarget section */
		70F3E20C232D0D5200839D48 /* MVVMDesignPattern */ = {
			isa = PBXNativeTarget;
			buildConfigurationList = 70F3E21F232D0D5400839D48 /* Build configuration list for PBXNativeTarget "MVVMDesignPattern" */;
			buildPhases = (
				70F3E209232D0D5200839D48 /* Sources */,
				70F3E20A232D0D5200839D48 /* Frameworks */,
				70F3E20B232D0D5200839D48 /* Resources */,
			);
			buildRules = (
			);
			dependencies = (
			);
			name = MVVMDesignPattern;
			productName = MVVMDesignPattern;
			productReference = 70F3E20D232D0D5200839D48 /* MVVMDesignPattern.app */;
			productType = "com.apple.product-type.application";
		};
/* End PBXNativeTarget section */

/* Begin PBXProject section */
		70F3E205232D0D5200839D48 /* Project object */ = {
			isa = PBXProject;
			attributes = {
				LastSwiftUpdateCheck = 1010;
				LastUpgradeCheck = 1010;
				TargetAttributes = {
					70F3E20C232D0D5200839D48 = {
						CreatedOnToolsVersion = 10.1;
					};
				};
			};
			buildConfigurationList = 70F3E208232D0D5200839D48 /* Build configuration list for PBXProject "MVVMDesignPattern" */;
			compatibilityVersion = "Xcode 9.3";
			developmentRegion = en;
			hasScannedForEncodings = 0;
			knownRegions = (
				en,
				Base,
			);
			mainGroup = 70F3E204232D0D5200839D48;
			productRefGroup = 70F3E20E232D0D5200839D48 /* Products */;
			projectDirPath = "";
			projectRoot = "";
			targets = (
				70F3E20C232D0D5200839D48 /* MVVMDesignPattern */,
			);
		};
/* End PBXProject section */

/* Begin PBXResourcesBuildPhase section */
		70F3E20B232D0D5200839D48 /* Resources */ = {
			isa = PBXResourcesBuildPhase;
			buildActionMask = 2147483647;
			files = (
				70F3E21B232D0D5400839D48 /* LaunchScreen.storyboard in Resources */,
				70F3E218232D0D5400839D48 /* Assets.xcassets in Resources */,
				70F3E229232D12BC00839D48 /* CustomCell.xib in Resources */,
				70F3E216232D0D5200839D48 /* Main.storyboard in Resources */,
			);
			runOnlyForDeploymentPostprocessing = 0;
		};
/* End PBXResourcesBuildPhase section */

/* Begin PBXSourcesBuildPhase section */
		70F3E209232D0D5200839D48 /* Sources */ = {
			isa = PBXSourcesBuildPhase;
			buildActionMask = 2147483647;
			files = (
				70F3E223232D126700839D48 /* Model.swift in Sources */,
				70F3E213232D0D5200839D48 /* ViewController.swift in Sources */,
				70F3E228232D12BC00839D48 /* CustomCell.swift in Sources */,
				70F3E225232D128300839D48 /* ViewModel.swift in Sources */,
				70F3E211232D0D5200839D48 /* AppDelegate.swift in Sources */,
			);
			runOnlyForDeploymentPostprocessing = 0;
		};
/* End PBXSourcesBuildPhase section */

/* Begin PBXVariantGroup section */
		70F3E214232D0D5200839D48 /* Main.storyboard */ = {
			isa = PBXVariantGroup;
			children = (
				70F3E215232D0D5200839D48 /* Base */,
			);
			name = Main.storyboard;
			sourceTree = "<group>";
		};
		70F3E219232D0D5400839D48 /* LaunchScreen.storyboard */ = {
			isa = PBXVariantGroup;
			children = (
				70F3E21A232D0D5400839D48 /* Base */,
			);
			name = LaunchScreen.storyboard;
			sourceTree = "<group>";
		};
/* End PBXVariantGroup section */

/* Begin XCBuildConfiguration section */
		70F3E21D232D0D5400839D48 /* Debug */ = {
			isa = XCBuildConfiguration;
			buildSettings = {
				ALWAYS_SEARCH_USER_PATHS = NO;
				CLANG_ANALYZER_NONNULL = YES;
				CLANG_ANALYZER_NUMBER_OBJECT_CONVERSION = YES_AGGRESSIVE;
				CLANG_CXX_LANGUAGE_STANDARD = "gnu++14";
				CLANG_CXX_LIBRARY = "libc++";
				CLANG_ENABLE_MODULES = YES;
				CLANG_ENABLE_OBJC_ARC = YES;
				CLANG_ENABLE_OBJC_WEAK = YES;
				CLANG_WARN_BLOCK_CAPTURE_AUTORELEASING = YES;
				CLANG_WARN_BOOL_CONVERSION = YES;
				CLANG_WARN_COMMA = YES;
				CLANG_WARN_CONSTANT_CONVERSION = YES;
				CLANG_WARN_DEPRECATED_OBJC_IMPLEMENTATIONS = YES;
				CLANG_WARN_DIRECT_OBJC_ISA_USAGE = YES_ERROR;
				CLANG_WARN_DOCUMENTATION_COMMENTS = YES;
				CLANG_WARN_EMPTY_BODY = YES;
				CLANG_WARN_ENUM_CONVERSION = YES;
				CLANG_WARN_INFINITE_RECURSION = YES;
				CLANG_WARN_INT_CONVERSION = YES;
				CLANG_WARN_NON_LITERAL_NULL_CONVERSION = YES;
				CLANG_WARN_OBJC_IMPLICIT_RETAIN_SELF = YES;
				CLANG_WARN_OBJC_LITERAL_CONVERSION = YES;
				CLANG_WARN_OBJC_ROOT_CLASS = YES_ERROR;
				CLANG_WARN_RANGE_LOOP_ANALYSIS = YES;
				CLANG_WARN_STRICT_PROTOTYPES = YES;
				CLANG_WARN_SUSPICIOUS_MOVE = YES;
				CLANG_WARN_UNGUARDED_AVAILABILITY = YES_AGGRESSIVE;
				CLANG_WARN_UNREACHABLE_CODE = YES;
				CLANG_WARN__DUPLICATE_METHOD_MATCH = YES;
				CODE_SIGN_IDENTITY = "iPhone Developer";
				COPY_PHASE_STRIP = NO;
				DEBUG_INFORMATION_FORMAT = dwarf;
				ENABLE_STRICT_OBJC_MSGSEND = YES;
				ENABLE_TESTABILITY = YES;
				GCC_C_LANGUAGE_STANDARD = gnu11;
				GCC_DYNAMIC_NO_PIC = NO;
				GCC_NO_COMMON_BLOCKS = YES;
				GCC_OPTIMIZATION_LEVEL = 0;
				GCC_PREPROCESSOR_DEFINITIONS = (
					"DEBUG=1",
					"$(inherited)",
				);
				GCC_WARN_64_TO_32_BIT_CONVERSION = YES;
				GCC_WARN_ABOUT_RETURN_TYPE = YES_ERROR;
				GCC_WARN_UNDECLARED_SELECTOR = YES;
				GCC_WARN_UNINITIALIZED_AUTOS = YES_AGGRESSIVE;
				GCC_WARN_UNUSED_FUNCTION = YES;
				GCC_WARN_UNUSED_VARIABLE = YES;
				IPHONEOS_DEPLOYMENT_TARGET = 12.1;
				MTL_ENABLE_DEBUG_INFO = INCLUDE_SOURCE;
				MTL_FAST_MATH = YES;
				ONLY_ACTIVE_ARCH = YES;
				SDKROOT = iphoneos;
				SWIFT_ACTIVE_COMPILATION_CONDITIONS = DEBUG;
				SWIFT_OPTIMIZATION_LEVEL = "-Onone";
			};
			name = Debug;
		};
		70F3E21E232D0D5400839D48 /* Release */ = {
			isa = XCBuildConfiguration;
			buildSettings = {
				ALWAYS_SEARCH_USER_PATHS = NO;
				CLANG_ANALYZER_NONNULL = YES;
				CLANG_ANALYZER_NUMBER_OBJECT_CONVERSION = YES_AGGRESSIVE;
				CLANG_CXX_LANGUAGE_STANDARD = "gnu++14";
				CLANG_CXX_LIBRARY = "libc++";
				CLANG_ENABLE_MODULES = YES;
				CLANG_ENABLE_OBJC_ARC = YES;
				CLANG_ENABLE_OBJC_WEAK = YES;
				CLANG_WARN_BLOCK_CAPTURE_AUTORELEASING = YES;
				CLANG_WARN_BOOL_CONVERSION = YES;
				CLANG_WARN_COMMA = YES;
				CLANG_WARN_CONSTANT_CONVERSION = YES;
				CLANG_WARN_DEPRECATED_OBJC_IMPLEMENTATIONS = YES;
				CLANG_WARN_DIRECT_OBJC_ISA_USAGE = YES_ERROR;
				CLANG_WARN_DOCUMENTATION_COMMENTS = YES;
				CLANG_WARN_EMPTY_BODY = YES;
				CLANG_WARN_ENUM_CONVERSION = YES;
				CLANG_WARN_INFINITE_RECURSION = YES;
				CLANG_WARN_INT_CONVERSION = YES;
				CLANG_WARN_NON_LITERAL_NULL_CONVERSION = YES;
				CLANG_WARN_OBJC_IMPLICIT_RETAIN_SELF = YES;
				CLANG_WARN_OBJC_LITERAL_CONVERSION = YES;
				CLANG_WARN_OBJC_ROOT_CLASS = YES_ERROR;
				CLANG_WARN_RANGE_LOOP_ANALYSIS = YES;
				CLANG_WARN_STRICT_PROTOTYPES = YES;
				CLANG_WARN_SUSPICIOUS_MOVE = YES;
				CLANG_WARN_UNGUARDED_AVAILABILITY = YES_AGGRESSIVE;
				CLANG_WARN_UNREACHABLE_CODE = YES;
				CLANG_WARN__DUPLICATE_METHOD_MATCH = YES;
				CODE_SIGN_IDENTITY = "iPhone Developer";
				COPY_PHASE_STRIP = NO;
				DEBUG_INFORMATION_FORMAT = "dwarf-with-dsym";
				ENABLE_NS_ASSERTIONS = NO;
				ENABLE_STRICT_OBJC_MSGSEND = YES;
				GCC_C_LANGUAGE_STANDARD = gnu11;
				GCC_NO_COMMON_BLOCKS = YES;
				GCC_WARN_64_TO_32_BIT_CONVERSION = YES;
				GCC_WARN_ABOUT_RETURN_TYPE = YES_ERROR;
				GCC_WARN_UNDECLARED_SELECTOR = YES;
				GCC_WARN_UNINITIALIZED_AUTOS = YES_AGGRESSIVE;
				GCC_WARN_UNUSED_FUNCTION = YES;
				GCC_WARN_UNUSED_VARIABLE = YES;
				IPHONEOS_DEPLOYMENT_TARGET = 12.1;
				MTL_ENABLE_DEBUG_INFO = NO;
				MTL_FAST_MATH = YES;
				SDKROOT = iphoneos;
				SWIFT_COMPILATION_MODE = wholemodule;
				SWIFT_OPTIMIZATION_LEVEL = "-O";
				VALIDATE_PRODUCT = YES;
			};
			name = Release;
		};
		70F3E220232D0D5400839D48 /* Debug */ = {
			isa = XCBuildConfiguration;
			buildSettings = {
				ASSETCATALOG_COMPILER_APPICON_NAME = AppIcon;
				CODE_SIGN_STYLE = Automatic;
				DEVELOPMENT_TEAM = 3P5HM8SMB3;
				INFOPLIST_FILE = MVVMDesignPattern/Info.plist;
				LD_RUNPATH_SEARCH_PATHS = (
					"$(inherited)",
					"@executable_path/Frameworks",
				);
				PRODUCT_BUNDLE_IDENTIFIER = com.MVVMDesignPattern;
				PRODUCT_NAME = "$(TARGET_NAME)";
				SWIFT_VERSION = 4.2;
				TARGETED_DEVICE_FAMILY = "1,2";
			};
			name = Debug;
		};
		70F3E221232D0D5400839D48 /* Release */ = {
			isa = XCBuildConfiguration;
			buildSettings = {
				ASSETCATALOG_COMPILER_APPICON_NAME = AppIcon;
				CODE_SIGN_STYLE = Automatic;
				DEVELOPMENT_TEAM = 3P5HM8SMB3;
				INFOPLIST_FILE = MVVMDesignPattern/Info.plist;
				LD_RUNPATH_SEARCH_PATHS = (
					"$(inherited)",
					"@executable_path/Frameworks",
				);
				PRODUCT_BUNDLE_IDENTIFIER = com.MVVMDesignPattern;
				PRODUCT_NAME = "$(TARGET_NAME)";
				SWIFT_VERSION = 4.2;
				TARGETED_DEVICE_FAMILY = "1,2";
			};
			name = Release;
		};
/* End XCBuildConfiguration section */

/* Begin XCConfigurationList section */
		70F3E208232D0D5200839D48 /* Build configuration list for PBXProject "MVVMDesignPattern" */ = {
			isa = XCConfigurationList;
			buildConfigurations = (
				70F3E21D232D0D5400839D48 /* Debug */,
				70F3E21E232D0D5400839D48 /* Release */,
			);
			defaultConfigurationIsVisible = 0;
			defaultConfigurationName = Release;
		};
		70F3E21F232D0D5400839D48 /* Build configuration list for PBXNativeTarget "MVVMDesignPattern" */ = {
			isa = XCConfigurationList;
			buildConfigurations = (
				70F3E220232D0D5400839D48 /* Debug */,
				70F3E221232D0D5400839D48 /* Release */,
			);
			defaultConfigurationIsVisible = 0;
			defaultConfigurationName = Release;
		};
/* End XCConfigurationList section */
	};
	rootObject = 70F3E205232D0D5200839D48 /* Project object */;
}
